
Microsoft Visual Studio Solution File, Format Version 12.00
# Visual Studio Version 16
VisualStudioVersion = 16.0.32413.511
MinimumVisualStudioVersion = 10.0.40219.1
Project("{FAE04EC0-301F-11D3-BF4B-00C04F79EFBC}") = "difficult_xml", "difficult_xml\difficult_xml.csproj", "{21399FAE-339A-48A2-908C-2DC1869976FE}"
EndProject
Global
	GlobalSection(SolutionConfigurationPlatforms) = preSolution
		Debug|Any CPU = Debug|Any CPU
		Release|Any CPU = Release|Any CPU
	EndGlobalSection
	GlobalSection(ProjectConfigurationPlatforms) = postSolution
		{21399FAE-339A-48A2-908C-2DC1869976FE}.Debug|Any CPU.ActiveCfg = Debug|Any CPU
		{21399FAE-339A-48A2-908C-2DC1869976FE}.Debug|Any CPU.Build.0 = Debug|Any CPU
		{21399FAE-339A-48A2-908C-2DC1869976FE}.Release|Any CPU.ActiveCfg = Release|Any CPU
		{21399FAE-339A-48A2-908C-2DC1869976FE}.Release|Any CPU.Build.0 = Release|Any CPU
	EndGlobalSection
	GlobalSection(SolutionProperties) = preSolution
		HideSolutionNode = FALSE
	EndGlobalSection
	GlobalSection(ExtensibilityGlobals) = postSolution
		SolutionGuid = {BB45EB1F-0CBC-4650-9B96-65B236B4B00B}
	EndGlobalSection
EndGlobal
